
Microsoft Visual Studio Solution File, Format Version 12.00
# Visual Studio Version 17
VisualStudioVersion = 17.3.32922.545
MinimumVisualStudioVersion = 10.0.40219.1
Project("{9A19103F-16F7-4668-BE54-9A1E7A4F7556}") = "Webbshop", "Webbshop\Webbshop.csproj", "{F2F60CB9-C4A7-488C-9DDA-19F1BC70E039}"
EndProject
Global
	GlobalSection(SolutionConfigurationPlatforms) = preSolution
		Debug|Any CPU = Debug|Any CPU
		Release|Any CPU = Release|Any CPU
	EndGlobalSection
	GlobalSection(ProjectConfigurationPlatforms) = postSolution
		{F2F60CB9-C4A7-488C-9DDA-19F1BC70E039}.Debug|Any CPU.ActiveCfg = Debug|Any CPU
		{F2F60CB9-C4A7-488C-9DDA-19F1BC70E039}.Debug|Any CPU.Build.0 = Debug|Any CPU
		{F2F60CB9-C4A7-488C-9DDA-19F1BC70E039}.Release|Any CPU.ActiveCfg = Release|Any CPU
		{F2F60CB9-C4A7-488C-9DDA-19F1BC70E039}.Release|Any CPU.Build.0 = Release|Any CPU
	EndGlobalSection
	GlobalSection(SolutionProperties) = preSolution
		HideSolutionNode = FALSE
	EndGlobalSection
	GlobalSection(ExtensibilityGlobals) = postSolution
		SolutionGuid = {AC5C7C9B-7886-4632-B689-A7808563ED75}
	EndGlobalSection
EndGlobal
